PODS:
  - FBSnapshotTestCase (2.1.4):
    - FBSnapshotTestCase/SwiftSupport (= 2.1.4)
  - FBSnapshotTestCase/Core (2.1.4)
  - FBSnapshotTestCase/SwiftSupport (2.1.4):
    - FBSnapshotTestCase/Core
  - SnapKit (4.0.1)
  - SnapKitten (1.3.0):
    - SnapKit (~> 4.0.0)

DEPENDENCIES:
  - FBSnapshotTestCase
  - SnapKitten (from `../`)

SPEC REPOS:
  https://github.com/cocoapods/specs.git:
    - FBSnapshotTestCase
    - SnapKit

EXTERNAL SOURCES:
  SnapKitten:
    :path: "../"

SPEC CHECKSUMS:
  FBSnapshotTestCase: 094f9f314decbabe373b87cc339bea235a63e07a
  SnapKit: 0de968a9fec17499afa29683b05d0c775b6d1c29
  SnapKitten: 5f4c45a184cea61c0de2e97125eb4f25bb695c12

PODFILE CHECKSUM: 14028b240a293464f7b6e771317209067b1bc664

COCOAPODS: 1.6.1
