PODS:
  - FBSnapshotTestCase (2.1.4):
    - FBSnapshotTestCase/SwiftSupport (= 2.1.4)
  - FBSnapshotTestCase/Core (2.1.4)
  - FBSnapshotTestCase/SwiftSupport (2.1.4):
    - FBSnapshotTestCase/Core
  - SnapKit (3.2.0)
  - SnapKitten (1.1.14):
    - SnapKit (~> 3.2.0)

DEPENDENCIES:
  - FBSnapshotTestCase
  - SnapKitten (from `../`)

EXTERNAL SOURCES:
  SnapKitten:
    :path: ../

SPEC CHECKSUMS:
  FBSnapshotTestCase: 094f9f314decbabe373b87cc339bea235a63e07a
  SnapKit: 1ca44df72cfa543218d177cb8aab029d10d86ea7
  SnapKitten: ef6cd4f65cc2848d422de863e0db5f22d03bccb8

PODFILE CHECKSUM: 14028b240a293464f7b6e771317209067b1bc664

COCOAPODS: 1.2.0
